
Microsoft Visual Studio Solution File, Format Version 12.00
# Visual Studio Version 16
VisualStudioVersion = 16.0.31205.134
MinimumVisualStudioVersion = 10.0.40219.1
Project("{9A19103F-16F7-4668-BE54-9A1E7A4F7556}") = "petrus", "petrus.csproj", "{1302CAAD-AAB9-43C2-9F67-B575DEDCE7DF}"
EndProject
Global
	GlobalSection(SolutionConfigurationPlatforms) = preSolution
		Debug|Any CPU = Debug|Any CPU
		Release|Any CPU = Release|Any CPU
	EndGlobalSection
	GlobalSection(ProjectConfigurationPlatforms) = postSolution
		{1302CAAD-AAB9-43C2-9F67-B575DEDCE7DF}.Debug|Any CPU.ActiveCfg = Debug|Any CPU
		{1302CAAD-AAB9-43C2-9F67-B575DEDCE7DF}.Debug|Any CPU.Build.0 = Debug|Any CPU
		{1302CAAD-AAB9-43C2-9F67-B575DEDCE7DF}.Release|Any CPU.ActiveCfg = Release|Any CPU
		{1302CAAD-AAB9-43C2-9F67-B575DEDCE7DF}.Release|Any CPU.Build.0 = Release|Any CPU
	EndGlobalSection
	GlobalSection(SolutionProperties) = preSolution
		HideSolutionNode = FALSE
	EndGlobalSection
	GlobalSection(ExtensibilityGlobals) = postSolution
		SolutionGuid = {530C8D11-621C-4871-A30A-6B55758F88DE}
	EndGlobalSection
EndGlobal
